
Microsoft Visual Studio Solution File, Format Version 12.00
# Visual Studio Version 16
VisualStudioVersion = 16.0.30011.22
MinimumVisualStudioVersion = 10.0.40219.1
Project("{8BC9CEB8-8B4A-11D0-8D11-00A0C91BC942}") = "Task1", "Task1\Task1.vcxproj", "{35ABC71E-3A8B-4A23-A3FC-511797772994}"
EndProject
Project("{8BC9CEB8-8B4A-11D0-8D11-00A0C91BC942}") = "Task2", "Task2\Task2.vcxproj", "{301F6926-62D4-4D0F-8C3E-67138FABEE68}"
EndProject
Project("{8BC9CEB8-8B4A-11D0-8D11-00A0C91BC942}") = "Task4", "Task4\Task4.vcxproj", "{050872DB-4008-4F28-B631-D20C283D48F3}"
EndProject
Project("{8BC9CEB8-8B4A-11D0-8D11-00A0C91BC942}") = "Task5", "Task5\Task5.vcxproj", "{5C7DBD49-5078-430D-A4F5-BF6DC28E85F8}"
EndProject
Project("{8BC9CEB8-8B4A-11D0-8D11-00A0C91BC942}") = "Task6", "Task6\Task6.vcxproj", "{75DB3F37-495D-4B6C-B04C-30B386BF3A46}"
EndProject
Project("{8BC9CEB8-8B4A-11D0-8D11-00A0C91BC942}") = "Task7", "Task7\Task7.vcxproj", "{D8A07183-F6EE-408A-B07D-5888CDFEFBAD}"
EndProject
Project("{8BC9CEB8-8B4A-11D0-8D11-00A0C91BC942}") = "Task8", "Task8\Task8.vcxproj", "{9CAD3FDE-26F8-4856-9DAE-5DEB46DE1FCC}"
EndProject
Global
	GlobalSection(SolutionConfigurationPlatforms) = preSolution
		Debug|x64 = Debug|x64
		Debug|x86 = Debug|x86
		Release|x64 = Release|x64
		Release|x86 = Release|x86
	EndGlobalSection
	GlobalSection(ProjectConfigurationPlatforms) = postSolution
		{35ABC71E-3A8B-4A23-A3FC-511797772994}.Debug|x64.ActiveCfg = Debug|x64
		{35ABC71E-3A8B-4A23-A3FC-511797772994}.Debug|x64.Build.0 = Debug|x64
		{35ABC71E-3A8B-4A23-A3FC-511797772994}.Debug|x86.ActiveCfg = Debug|Win32
		{35ABC71E-3A8B-4A23-A3FC-511797772994}.Debug|x86.Build.0 = Debug|Win32
		{35ABC71E-3A8B-4A23-A3FC-511797772994}.Release|x64.ActiveCfg = Release|x64
		{35ABC71E-3A8B-4A23-A3FC-511797772994}.Release|x64.Build.0 = Release|x64
		{35ABC71E-3A8B-4A23-A3FC-511797772994}.Release|x86.ActiveCfg = Release|Win32
		{35ABC71E-3A8B-4A23-A3FC-511797772994}.Release|x86.Build.0 = Release|Win32
		{301F6926-62D4-4D0F-8C3E-67138FABEE68}.Debug|x64.ActiveCfg = Debug|x64
		{301F6926-62D4-4D0F-8C3E-67138FABEE68}.Debug|x64.Build.0 = Debug|x64
		{301F6926-62D4-4D0F-8C3E-67138FABEE68}.Debug|x86.ActiveCfg = Debug|Win32
		{301F6926-62D4-4D0F-8C3E-67138FABEE68}.Debug|x86.Build.0 = Debug|Win32
		{301F6926-62D4-4D0F-8C3E-67138FABEE68}.Release|x64.ActiveCfg = Release|x64
		{301F6926-62D4-4D0F-8C3E-67138FABEE68}.Release|x64.Build.0 = Release|x64
		{301F6926-62D4-4D0F-8C3E-67138FABEE68}.Release|x86.ActiveCfg = Release|Win32
		{301F6926-62D4-4D0F-8C3E-67138FABEE68}.Release|x86.Build.0 = Release|Win32
		{050872DB-4008-4F28-B631-D20C283D48F3}.Debug|x64.ActiveCfg = Debug|x64
		{050872DB-4008-4F28-B631-D20C283D48F3}.Debug|x64.Build.0 = Debug|x64
		{050872DB-4008-4F28-B631-D20C283D48F3}.Debug|x86.ActiveCfg = Debug|Win32
		{050872DB-4008-4F28-B631-D20C283D48F3}.Debug|x86.Build.0 = Debug|Win32
		{050872DB-4008-4F28-B631-D20C283D48F3}.Release|x64.ActiveCfg = Release|x64
		{050872DB-4008-4F28-B631-D20C283D48F3}.Release|x64.Build.0 = Release|x64
		{050872DB-4008-4F28-B631-D20C283D48F3}.Release|x86.ActiveCfg = Release|Win32
		{050872DB-4008-4F28-B631-D20C283D48F3}.Release|x86.Build.0 = Release|Win32
		{5C7DBD49-5078-430D-A4F5-BF6DC28E85F8}.Debug|x64.ActiveCfg = Debug|x64
		{5C7DBD49-5078-430D-A4F5-BF6DC28E85F8}.Debug|x64.Build.0 = Debug|x64
		{5C7DBD49-5078-430D-A4F5-BF6DC28E85F8}.Debug|x86.ActiveCfg = Debug|Win32
		{5C7DBD49-5078-430D-A4F5-BF6DC28E85F8}.Debug|x86.Build.0 = Debug|Win32
		{5C7DBD49-5078-430D-A4F5-BF6DC28E85F8}.Release|x64.ActiveCfg = Release|x64
		{5C7DBD49-5078-430D-A4F5-BF6DC28E85F8}.Release|x64.Build.0 = Release|x64
		{5C7DBD49-5078-430D-A4F5-BF6DC28E85F8}.Release|x86.ActiveCfg = Release|Win32
		{5C7DBD49-5078-430D-A4F5-BF6DC28E85F8}.Release|x86.Build.0 = Release|Win32
		{75DB3F37-495D-4B6C-B04C-30B386BF3A46}.Debug|x64.ActiveCfg = Debug|x64
		{75DB3F37-495D-4B6C-B04C-30B386BF3A46}.Debug|x64.Build.0 = Debug|x64
		{75DB3F37-495D-4B6C-B04C-30B386BF3A46}.Debug|x86.ActiveCfg = Debug|Win32
		{75DB3F37-495D-4B6C-B04C-30B386BF3A46}.Debug|x86.Build.0 = Debug|Win32
		{75DB3F37-495D-4B6C-B04C-30B386BF3A46}.Release|x64.ActiveCfg = Release|x64
		{75DB3F37-495D-4B6C-B04C-30B386BF3A46}.Release|x64.Build.0 = Release|x64
		{75DB3F37-495D-4B6C-B04C-30B386BF3A46}.Release|x86.ActiveCfg = Release|Win32
		{75DB3F37-495D-4B6C-B04C-30B386BF3A46}.Release|x86.Build.0 = Release|Win32
		{D8A07183-F6EE-408A-B07D-5888CDFEFBAD}.Debug|x64.ActiveCfg = Debug|x64
		{D8A07183-F6EE-408A-B07D-5888CDFEFBAD}.Debug|x64.Build.0 = Debug|x64
		{D8A07183-F6EE-408A-B07D-5888CDFEFBAD}.Debug|x86.ActiveCfg = Debug|Win32
		{D8A07183-F6EE-408A-B07D-5888CDFEFBAD}.Debug|x86.Build.0 = Debug|Win32
		{D8A07183-F6EE-408A-B07D-5888CDFEFBAD}.Release|x64.ActiveCfg = Release|x64
		{D8A07183-F6EE-408A-B07D-5888CDFEFBAD}.Release|x64.Build.0 = Release|x64
		{D8A07183-F6EE-408A-B07D-5888CDFEFBAD}.Release|x86.ActiveCfg = Release|Win32
		{D8A07183-F6EE-408A-B07D-5888CDFEFBAD}.Release|x86.Build.0 = Release|Win32
		{9CAD3FDE-26F8-4856-9DAE-5DEB46DE1FCC}.Debug|x64.ActiveCfg = Debug|x64
		{9CAD3FDE-26F8-4856-9DAE-5DEB46DE1FCC}.Debug|x64.Build.0 = Debug|x64
		{9CAD3FDE-26F8-4856-9DAE-5DEB46DE1FCC}.Debug|x86.ActiveCfg = Debug|Win32
		{9CAD3FDE-26F8-4856-9DAE-5DEB46DE1FCC}.Debug|x86.Build.0 = Debug|Win32
		{9CAD3FDE-26F8-4856-9DAE-5DEB46DE1FCC}.Release|x64.ActiveCfg = Release|x64
		{9CAD3FDE-26F8-4856-9DAE-5DEB46DE1FCC}.Release|x64.Build.0 = Release|x64
		{9CAD3FDE-26F8-4856-9DAE-5DEB46DE1FCC}.Release|x86.ActiveCfg = Release|Win32
		{9CAD3FDE-26F8-4856-9DAE-5DEB46DE1FCC}.Release|x86.Build.0 = Release|Win32
	EndGlobalSection
	GlobalSection(SolutionProperties) = preSolution
		HideSolutionNode = FALSE
	EndGlobalSection
	GlobalSection(ExtensibilityGlobals) = postSolution
		SolutionGuid = {EE32EDAC-AF97-4091-8D74-A5F05937BCC7}
	EndGlobalSection
EndGlobal
